
Microsoft Visual Studio Solution File, Format Version 11.00
# Visual Studio 2010
Project("{8BC9CEB8-8B4A-11D0-8D11-00A0C91BC942}") = "PackCapture", "PackCapture\PackCapture.vcxproj", "{81708AE3-2F05-4615-B575-78692FD6F425}"
EndProject
Global
	GlobalSection(SolutionConfigurationPlatforms) = preSolution
		Debug|Win32 = Debug|Win32
		Release|Win32 = Release|Win32
	EndGlobalSection
	GlobalSection(ProjectConfigurationPlatforms) = postSolution
		{81708AE3-2F05-4615-B575-78692FD6F425}.Debug|Win32.ActiveCfg = Debug|Win32
		{81708AE3-2F05-4615-B575-78692FD6F425}.Debug|Win32.Build.0 = Debug|Win32
		{81708AE3-2F05-4615-B575-78692FD6F425}.Release|Win32.ActiveCfg = Release|Win32
		{81708AE3-2F05-4615-B575-78692FD6F425}.Release|Win32.Build.0 = Release|Win32
	EndGlobalSection
	GlobalSection(SolutionProperties) = preSolution
		HideSolutionNode = FALSE
	EndGlobalSection
EndGlobal
